{
  "version": 4,
  "terraform_version": "1.11.1",
  "serial": 12,
  "lineage": "36216fe4-83d2-8e63-b0e6-672c52870c44",
  "outputs": {},
  "resources": [
    {
      "mode": "managed",
      "type": "aws_default_vpc",
      "name": "default",
      "provider": "provider[\"registry.terraform.io/hashicorp/aws\"]",
      "instances": [
        {
          "schema_version": 1,
          "attributes": {
            "arn": "arn:aws:ec2:us-east-1:774305597040:vpc/vpc-062eb2b925b8e19e1",
            "assign_generated_ipv6_cidr_block": false,
            "cidr_block": "172.31.0.0/16",
            "default_network_acl_id": "acl-03a261a56cc47f1fc",
            "default_route_table_id": "rtb-012ecb0087c9c0438",
            "default_security_group_id": "sg-09d842f71810948b0",
            "dhcp_options_id": "dopt-097273e654f2f9681",
            "enable_dns_hostnames": true,
            "enable_dns_support": true,
            "enable_network_address_usage_metrics": false,
            "existing_default_vpc": true,
            "force_destroy": false,
            "id": "vpc-062eb2b925b8e19e1",
            "instance_tenancy": "default",
            "ipv6_association_id": "",
            "ipv6_cidr_block": "",
            "ipv6_cidr_block_network_border_group": "",
            "ipv6_ipam_pool_id": "",
            "ipv6_netmask_length": 0,
            "main_route_table_id": "rtb-012ecb0087c9c0438",
            "owner_id": "774305597040",
            "tags": {},
            "tags_all": {}
          },
          "sensitive_attributes": [],
          "private": "eyJzY2hlbWFfdmVyc2lvbiI6IjEifQ=="
        }
      ]
    },
    {
      "mode": "managed",
      "type": "aws_key_pair",
      "name": "deployer",
      "provider": "provider[\"registry.terraform.io/hashicorp/aws\"]",
      "instances": [
        {
          "schema_version": 1,
          "attributes": {
            "arn": "arn:aws:ec2:us-east-1:774305597040:key-pair/terra-automate-key",
            "fingerprint": "05:45:fc:2f:36:c6:9b:40:0b:80:1f:82:6a:c7:de:cf",
            "id": "terra-automate-key",
            "key_name": "terra-automate-key",
            "key_name_prefix": "",
            "key_pair_id": "key-017734db93b534ec6",
            "key_type": "rsa",
            "public_key": "ssh-rsa AAAAB3NzaC1yc2EAAAADAQABAAABgQDahiLQnA8UXwXScp0yJ3V7K5yq9ci5Imj/m1Nlqury8NEJJ7lOTf0yei9weKxrIDrddTgLRMOFZAZQ+hV9H+C3awWnd+y4HyLAsJxOmEQvy/BqzER6kwQgGnUlNZKVAmwad+8F+PzsWR2BH+3sZ3EJkCA1n4dmztkDAgir7DLAmOFL0SffvnZSL5PSR/wPp2YF0O8B5S1iMjBua/xBAJjYyDD6F7BiLGw8BSCGXFg0t76h3ToXAX/1++g4qTDEztK0wCDj+7M6E/ya8uBABoPQyfARUgdHVr5QM3YRvtoSsBY3xG22+b5l+lm7jKQleg1W0dJfsb4kCIl7406Rwj5YD9wD2drcbFm/XyMFwX+g5Vv9IszDY8NQATOVm/UkBHPS7srgF9gJeoqycGB6dBjgmO0HzNKffhkxH3Wd4rMjv15bRwk2dTxQ7tLRteB+JH8sWiKwlViwoKb5FouCxIggtneNpDR8vsQPWChMlYCE3xWwmVZjt2McLmeVUUcBEXE= hp@Adnan",
            "tags": {},
            "tags_all": {}
          },
          "sensitive_attributes": [],
          "private": "eyJzY2hlbWFfdmVyc2lvbiI6IjEifQ=="
        }
      ]
    },
    {
      "mode": "managed",
      "type": "aws_security_group",
      "name": "allow_user_to_connect",
      "provider": "provider[\"registry.terraform.io/hashicorp/aws\"]",
      "instances": [
        {
          "schema_version": 1,
          "attributes": {
            "arn": "arn:aws:ec2:us-east-1:774305597040:security-group/sg-0cdf62d821ca3a831",
            "description": "Allow user to connect",
            "egress": [
              {
                "cidr_blocks": [
                  "0.0.0.0/0"
                ],
                "description": " allow all outgoing traffic ",
                "from_port": 0,
                "ipv6_cidr_blocks": [],
                "prefix_list_ids": [],
                "protocol": "-1",
                "security_groups": [],
                "self": false,
                "to_port": 0
              }
            ],
            "id": "sg-0cdf62d821ca3a831",
            "ingress": [
              {
                "cidr_blocks": [
                  "0.0.0.0/0"
                ],
                "description": "port 22 allow",
                "from_port": 22,
                "ipv6_cidr_blocks": [],
                "prefix_list_ids": [],
                "protocol": "tcp",
                "security_groups": [],
                "self": false,
                "to_port": 22
              },
              {
                "cidr_blocks": [
                  "0.0.0.0/0"
                ],
                "description": "port 443 allow",
                "from_port": 443,
                "ipv6_cidr_blocks": [],
                "prefix_list_ids": [],
                "protocol": "tcp",
                "security_groups": [],
                "self": false,
                "to_port": 443
              },
              {
                "cidr_blocks": [
                  "0.0.0.0/0"
                ],
                "description": "port 80 allow",
                "from_port": 80,
                "ipv6_cidr_blocks": [],
                "prefix_list_ids": [],
                "protocol": "tcp",
                "security_groups": [],
                "self": false,
                "to_port": 80
              }
            ],
            "name": "allow TLS",
            "name_prefix": "",
            "owner_id": "774305597040",
            "revoke_rules_on_delete": false,
            "tags": {
              "Name": "mysecurity"
            },
            "tags_all": {
              "Name": "mysecurity"
            },
            "timeouts": null,
            "vpc_id": "vpc-062eb2b925b8e19e1"
          },
          "sensitive_attributes": [],
          "private": "eyJlMmJmYjczMC1lY2FhLTExZTYtOGY4OC0zNDM2M2JjN2M0YzAiOnsiY3JlYXRlIjo2MDAwMDAwMDAwMDAsImRlbGV0ZSI6OTAwMDAwMDAwMDAwfSwic2NoZW1hX3ZlcnNpb24iOiIxIn0=",
          "dependencies": [
            "aws_default_vpc.default"
          ]
        }
      ]
    }
  ],
  "check_results": null
}
